// !$*UTF8*$!
{
	archiveVersion = 1;
	classes = {
	};
	objectVersion = 70;
	objects = {

/* Begin PBXBuildFile section */
		3C135C301D53E29400EC9FC9 /* AppDelegate.swift in Sources */ = {isa = PBXBuildFile; fileRef = 3C135C2F1D53E29400EC9FC9 /* AppDelegate.swift */; };
		3C135C321D53E29400EC9FC9 /* MainViewController.swift in Sources */ = {isa = PBXBuildFile; fileRef = 3C135C311D53E29400EC9FC9 /* MainViewController.swift */; };
		3C135C371D53E29400EC9FC9 /* Assets.xcassets in Resources */ = {isa = PBXBuildFile; fileRef = 3C135C361D53E29400EC9FC9 /* Assets.xcassets */; };
		3C135C3A1D53E29400EC9FC9 /* LaunchScreen.storyboard in Resources */ = {isa = PBXBuildFile; fileRef = 3C135C381D53E29400EC9FC9 /* LaunchScreen.storyboard */; };
		3C135C4E1D53EC0F00EC9FC9 /* (null) in Resources */ = {isa = PBXBuildFile; };
		C0CD2F2D2D6D9C6400080D42 /* ReSwift in Frameworks */ = {isa = PBXBuildFile; productRef = C0CD2F2C2D6D9C6400080D42 /* ReSwift */; };
		C0CD2F4B2D6DAFD300080D42 /* AppDependencyContainer.swift in Sources */ = {isa = PBXBuildFile; fileRef = C0CD2F4A2D6DAFC600080D42 /* AppDependencyContainer.swift */; };
		C0CD2F522D6DCCDB00080D42 /* CounterView.swift in Sources */ = {isa = PBXBuildFile; fileRef = C0CD2F512D6DCCD500080D42 /* CounterView.swift */; };
/* End PBXBuildFile section */

/* Begin PBXFileReference section */
		3C135C2C1D53E29400EC9FC9 /* CounterExample.app */ = {isa = PBXFileReference; explicitFileType = wrapper.application; includeInIndex = 0; path = CounterExample.app; sourceTree = BUILT_PRODUCTS_DIR; };
		3C135C2F1D53E29400EC9FC9 /* AppDelegate.swift */ = {isa = PBXFileReference; lastKnownFileType = sourcecode.swift; path = AppDelegate.swift; sourceTree = "<group>"; };
		3C135C311D53E29400EC9FC9 /* MainViewController.swift */ = {isa = PBXFileReference; lastKnownFileType = sourcecode.swift; path = MainViewController.swift; sourceTree = "<group>"; };
		3C135C361D53E29400EC9FC9 /* Assets.xcassets */ = {isa = PBXFileReference; lastKnownFileType = folder.assetcatalog; path = Assets.xcassets; sourceTree = "<group>"; };
		3C135C391D53E29400EC9FC9 /* Base */ = {isa = PBXFileReference; lastKnownFileType = file.storyboard; name = Base; path = Base.lproj/LaunchScreen.storyboard; sourceTree = "<group>"; };
		3C135C3B1D53E29400EC9FC9 /* Info.plist */ = {isa = PBXFileReference; lastKnownFileType = text.plist.xml; path = Info.plist; sourceTree = "<group>"; };
		C0CD2F4A2D6DAFC600080D42 /* AppDependencyContainer.swift */ = {isa = PBXFileReference; lastKnownFileType = sourcecode.swift; path = AppDependencyContainer.swift; sourceTree = "<group>"; };
		C0CD2F512D6DCCD500080D42 /* CounterView.swift */ = {isa = PBXFileReference; lastKnownFileType = sourcecode.swift; path = CounterView.swift; sourceTree = "<group>"; };
/* End PBXFileReference section */

/* Begin PBXFileSystemSynchronizedRootGroup section */
		C0CD2F362D6DABBC00080D42 /* UserInteractions */ = {isa = PBXFileSystemSynchronizedRootGroup; explicitFileTypes = {}; explicitFolders = (); path = UserInteractions; sourceTree = "<group>"; };
		C0CD2F3D2D6DACEB00080D42 /* Redux */ = {isa = PBXFileSystemSynchronizedRootGroup; explicitFileTypes = {}; explicitFolders = (); path = Redux; sourceTree = "<group>"; };
		C0CD2F3E2D6DACF400080D42 /* State */ = {isa = PBXFileSystemSynchronizedRootGroup; explicitFileTypes = {}; explicitFolders = (); path = State; sourceTree = "<group>"; };
		C0CD2F462D6DADCA00080D42 /* Reusable */ = {isa = PBXFileSystemSynchronizedRootGroup; explicitFileTypes = {}; explicitFolders = (); path = Reusable; sourceTree = "<group>"; };
/* End PBXFileSystemSynchronizedRootGroup section */

/* Begin PBXFrameworksBuildPhase section */
		3C135C291D53E29400EC9FC9 /* Frameworks */ = {
			isa = PBXFrameworksBuildPhase;
			buildActionMask = 2147483647;
			files = (
				C0CD2F2D2D6D9C6400080D42 /* ReSwift in Frameworks */,
			);
			runOnlyForDeploymentPostprocessing = 0;
		};
/* End PBXFrameworksBuildPhase section */

/* Begin PBXGroup section */
		3C135C231D53E29400EC9FC9 = {
			isa = PBXGroup;
			children = (
				3C135C2E1D53E29400EC9FC9 /* CounterExample */,
				3C135C2D1D53E29400EC9FC9 /* Products */,
			);
			sourceTree = "<group>";
		};
		3C135C2D1D53E29400EC9FC9 /* Products */ = {
			isa = PBXGroup;
			children = (
				3C135C2C1D53E29400EC9FC9 /* CounterExample.app */,
			);
			name = Products;
			sourceTree = "<group>";
		};
		3C135C2E1D53E29400EC9FC9 /* CounterExample */ = {
			isa = PBXGroup;
			children = (
				C0CD2F462D6DADCA00080D42 /* Reusable */,
				C0CD2F3E2D6DACF400080D42 /* State */,
				C0CD2F3D2D6DACEB00080D42 /* Redux */,
				C0CD2F362D6DABBC00080D42 /* UserInteractions */,
				3C135C2F1D53E29400EC9FC9 /* AppDelegate.swift */,
				3C135C311D53E29400EC9FC9 /* MainViewController.swift */,
				C0CD2F512D6DCCD500080D42 /* CounterView.swift */,
				C0CD2F4A2D6DAFC600080D42 /* AppDependencyContainer.swift */,
				3C135C361D53E29400EC9FC9 /* Assets.xcassets */,
				3C135C381D53E29400EC9FC9 /* LaunchScreen.storyboard */,
				3C135C3B1D53E29400EC9FC9 /* Info.plist */,
			);
			path = CounterExample;
			sourceTree = "<group>";
		};
/* End PBXGroup section */

/* Begin PBXNativeTarget section */
		3C135C2B1D53E29400EC9FC9 /* CounterExample */ = {
			isa = PBXNativeTarget;
			buildConfigurationList = 3C135C3E1D53E29400EC9FC9 /* Build configuration list for PBXNativeTarget "CounterExample" */;
			buildPhases = (
				3C135C281D53E29400EC9FC9 /* Sources */,
				3C135C291D53E29400EC9FC9 /* Frameworks */,
				3C135C2A1D53E29400EC9FC9 /* Resources */,
			);
			buildRules = (
			);
			dependencies = (
			);
			fileSystemSynchronizedGroups = (
				C0CD2F362D6DABBC00080D42 /* UserInteractions */,
				C0CD2F3D2D6DACEB00080D42 /* Redux */,
				C0CD2F3E2D6DACF400080D42 /* State */,
				C0CD2F462D6DADCA00080D42 /* Reusable */,
			);
			name = CounterExample;
			productName = CounterExample;
			productReference = 3C135C2C1D53E29400EC9FC9 /* CounterExample.app */;
			productType = "com.apple.product-type.application";
		};
/* End PBXNativeTarget section */

/* Begin PBXProject section */
		3C135C241D53E29400EC9FC9 /* Project object */ = {
			isa = PBXProject;
			attributes = {
				BuildIndependentTargetsInParallel = YES;
				LastSwiftUpdateCheck = 0730;
				LastUpgradeCheck = 1620;
				ORGANIZATIONNAME = "Colin Eberhardt";
				TargetAttributes = {
					3C135C2B1D53E29400EC9FC9 = {
						CreatedOnToolsVersion = 7.3.1;
						LastSwiftMigration = 0910;
					};
				};
			};
			buildConfigurationList = 3C135C271D53E29400EC9FC9 /* Build configuration list for PBXProject "CounterExample" */;
			compatibilityVersion = "Xcode 3.2";
			developmentRegion = en;
			hasScannedForEncodings = 0;
			knownRegions = (
				en,
				Base,
			);
			mainGroup = 3C135C231D53E29400EC9FC9;
			packageReferences = (
				C0CD2F2B2D6D9C6400080D42 /* XCRemoteSwiftPackageReference "ReSwift" */,
			);
			productRefGroup = 3C135C2D1D53E29400EC9FC9 /* Products */;
			projectDirPath = "";
			projectRoot = "";
			targets = (
				3C135C2B1D53E29400EC9FC9 /* CounterExample */,
			);
		};
/* End PBXProject section */

/* Begin PBXResourcesBuildPhase section */
		3C135C2A1D53E29400EC9FC9 /* Resources */ = {
			isa = PBXResourcesBuildPhase;
			buildActionMask = 2147483647;
			files = (
				3C135C4E1D53EC0F00EC9FC9 /* (null) in Resources */,
				3C135C3A1D53E29400EC9FC9 /* LaunchScreen.storyboard in Resources */,
				3C135C371D53E29400EC9FC9 /* Assets.xcassets in Resources */,
			);
			runOnlyForDeploymentPostprocessing = 0;
		};
/* End PBXResourcesBuildPhase section */

/* Begin PBXSourcesBuildPhase section */
		3C135C281D53E29400EC9FC9 /* Sources */ = {
			isa = PBXSourcesBuildPhase;
			buildActionMask = 2147483647;
			files = (
				3C135C321D53E29400EC9FC9 /* MainViewController.swift in Sources */,
				C0CD2F522D6DCCDB00080D42 /* CounterView.swift in Sources */,
				C0CD2F4B2D6DAFD300080D42 /* AppDependencyContainer.swift in Sources */,
				3C135C301D53E29400EC9FC9 /* AppDelegate.swift in Sources */,
			);
			runOnlyForDeploymentPostprocessing = 0;
		};
/* End PBXSourcesBuildPhase section */

/* Begin PBXVariantGroup section */
		3C135C381D53E29400EC9FC9 /* LaunchScreen.storyboard */ = {
			isa = PBXVariantGroup;
			children = (
				3C135C391D53E29400EC9FC9 /* Base */,
			);
			name = LaunchScreen.storyboard;
			sourceTree = "<group>";
		};
/* End PBXVariantGroup section */

/* Begin XCBuildConfiguration section */
		3C135C3C1D53E29400EC9FC9 /* Debug */ = {
			isa = XCBuildConfiguration;
			buildSettings = {
				ALWAYS_SEARCH_USER_PATHS = NO;
				CLANG_ANALYZER_LOCALIZABILITY_NONLOCALIZED = YES;
				CLANG_ANALYZER_NONNULL = YES;
				CLANG_CXX_LANGUAGE_STANDARD = "gnu++0x";
				CLANG_CXX_LIBRARY = "libc++";
				CLANG_ENABLE_MODULES = YES;
				CLANG_ENABLE_OBJC_ARC = YES;
				CLANG_WARN_BLOCK_CAPTURE_AUTORELEASING = YES;
				CLANG_WARN_BOOL_CONVERSION = YES;
				CLANG_WARN_COMMA = YES;
				CLANG_WARN_CONSTANT_CONVERSION = YES;
				CLANG_WARN_DEPRECATED_OBJC_IMPLEMENTATIONS = YES;
				CLANG_WARN_DIRECT_OBJC_ISA_USAGE = YES_ERROR;
				CLANG_WARN_EMPTY_BODY = YES;
				CLANG_WARN_ENUM_CONVERSION = YES;
				CLANG_WARN_INFINITE_RECURSION = YES;
				CLANG_WARN_INT_CONVERSION = YES;
				CLANG_WARN_NON_LITERAL_NULL_CONVERSION = YES;
				CLANG_WARN_OBJC_IMPLICIT_RETAIN_SELF = YES;
				CLANG_WARN_OBJC_LITERAL_CONVERSION = YES;
				CLANG_WARN_OBJC_ROOT_CLASS = YES_ERROR;
				CLANG_WARN_QUOTED_INCLUDE_IN_FRAMEWORK_HEADER = YES;
				CLANG_WARN_RANGE_LOOP_ANALYSIS = YES;
				CLANG_WARN_STRICT_PROTOTYPES = YES;
				CLANG_WARN_SUSPICIOUS_MOVE = YES;
				CLANG_WARN_UNREACHABLE_CODE = YES;
				CLANG_WARN__DUPLICATE_METHOD_MATCH = YES;
				"CODE_SIGN_IDENTITY[sdk=iphoneos*]" = "iPhone Developer";
				COPY_PHASE_STRIP = NO;
				DEBUG_INFORMATION_FORMAT = dwarf;
				ENABLE_STRICT_OBJC_MSGSEND = YES;
				ENABLE_TESTABILITY = YES;
				ENABLE_USER_SCRIPT_SANDBOXING = YES;
				GCC_C_LANGUAGE_STANDARD = gnu99;
				GCC_DYNAMIC_NO_PIC = NO;
				GCC_NO_COMMON_BLOCKS = YES;
				GCC_OPTIMIZATION_LEVEL = 0;
				GCC_PREPROCESSOR_DEFINITIONS = (
					"DEBUG=1",
					"$(inherited)",
				);
				GCC_WARN_64_TO_32_BIT_CONVERSION = YES;
				GCC_WARN_ABOUT_RETURN_TYPE = YES_ERROR;
				GCC_WARN_UNDECLARED_SELECTOR = YES;
				GCC_WARN_UNINITIALIZED_AUTOS = YES_AGGRESSIVE;
				GCC_WARN_UNUSED_FUNCTION = YES;
				GCC_WARN_UNUSED_VARIABLE = YES;
				IPHONEOS_DEPLOYMENT_TARGET = 12.0;
				MTL_ENABLE_DEBUG_INFO = YES;
				ONLY_ACTIVE_ARCH = YES;
				SDKROOT = iphoneos;
				SWIFT_OPTIMIZATION_LEVEL = "-Onone";
				TARGETED_DEVICE_FAMILY = "1,2";
			};
			name = Debug;
		};
		3C135C3D1D53E29400EC9FC9 /* Release */ = {
			isa = XCBuildConfiguration;
			buildSettings = {
				ALWAYS_SEARCH_USER_PATHS = NO;
				CLANG_ANALYZER_LOCALIZABILITY_NONLOCALIZED = YES;
				CLANG_ANALYZER_NONNULL = YES;
				CLANG_CXX_LANGUAGE_STANDARD = "gnu++0x";
				CLANG_CXX_LIBRARY = "libc++";
				CLANG_ENABLE_MODULES = YES;
				CLANG_ENABLE_OBJC_ARC = YES;
				CLANG_WARN_BLOCK_CAPTURE_AUTORELEASING = YES;
				CLANG_WARN_BOOL_CONVERSION = YES;
				CLANG_WARN_COMMA = YES;
				CLANG_WARN_CONSTANT_CONVERSION = YES;
				CLANG_WARN_DEPRECATED_OBJC_IMPLEMENTATIONS = YES;
				CLANG_WARN_DIRECT_OBJC_ISA_USAGE = YES_ERROR;
				CLANG_WARN_EMPTY_BODY = YES;
				CLANG_WARN_ENUM_CONVERSION = YES;
				CLANG_WARN_INFINITE_RECURSION = YES;
				CLANG_WARN_INT_CONVERSION = YES;
				CLANG_WARN_NON_LITERAL_NULL_CONVERSION = YES;
				CLANG_WARN_OBJC_IMPLICIT_RETAIN_SELF = YES;
				CLANG_WARN_OBJC_LITERAL_CONVERSION = YES;
				CLANG_WARN_OBJC_ROOT_CLASS = YES_ERROR;
				CLANG_WARN_QUOTED_INCLUDE_IN_FRAMEWORK_HEADER = YES;
				CLANG_WARN_RANGE_LOOP_ANALYSIS = YES;
				CLANG_WARN_STRICT_PROTOTYPES = YES;
				CLANG_WARN_SUSPICIOUS_MOVE = YES;
				CLANG_WARN_UNREACHABLE_CODE = YES;
				CLANG_WARN__DUPLICATE_METHOD_MATCH = YES;
				"CODE_SIGN_IDENTITY[sdk=iphoneos*]" = "iPhone Developer";
				COPY_PHASE_STRIP = NO;
				DEBUG_INFORMATION_FORMAT = "dwarf-with-dsym";
				ENABLE_NS_ASSERTIONS = NO;
				ENABLE_STRICT_OBJC_MSGSEND = YES;
				ENABLE_USER_SCRIPT_SANDBOXING = YES;
				GCC_C_LANGUAGE_STANDARD = gnu99;
				GCC_NO_COMMON_BLOCKS = YES;
				GCC_WARN_64_TO_32_BIT_CONVERSION = YES;
				GCC_WARN_ABOUT_RETURN_TYPE = YES_ERROR;
				GCC_WARN_UNDECLARED_SELECTOR = YES;
				GCC_WARN_UNINITIALIZED_AUTOS = YES_AGGRESSIVE;
				GCC_WARN_UNUSED_FUNCTION = YES;
				GCC_WARN_UNUSED_VARIABLE = YES;
				IPHONEOS_DEPLOYMENT_TARGET = 12.0;
				MTL_ENABLE_DEBUG_INFO = NO;
				SDKROOT = iphoneos;
				SWIFT_COMPILATION_MODE = wholemodule;
				SWIFT_OPTIMIZATION_LEVEL = "-O";
				TARGETED_DEVICE_FAMILY = "1,2";
				VALIDATE_PRODUCT = YES;
			};
			name = Release;
		};
		3C135C3F1D53E29400EC9FC9 /* Debug */ = {
			isa = XCBuildConfiguration;
			buildSettings = {
				ASSETCATALOG_COMPILER_APPICON_NAME = AppIcon;
				DEVELOPMENT_TEAM = M4N6995A28;
				FRAMEWORK_SEARCH_PATHS = (
					"$(inherited)",
					"$(PROJECT_DIR)/Carthage/Build/iOS",
				);
				INFOPLIST_FILE = CounterExample/Info.plist;
				IPHONEOS_DEPLOYMENT_TARGET = 15;
				LD_RUNPATH_SEARCH_PATHS = (
					"$(inherited)",
					"@executable_path/Frameworks",
				);
				PRODUCT_BUNDLE_IDENTIFIER = com.reswift.CounterExample;
				PRODUCT_NAME = "$(TARGET_NAME)";
				SWIFT_SWIFT3_OBJC_INFERENCE = Default;
				SWIFT_VERSION = 6.0;
			};
			name = Debug;
		};
		3C135C401D53E29400EC9FC9 /* Release */ = {
			isa = XCBuildConfiguration;
			buildSettings = {
				ASSETCATALOG_COMPILER_APPICON_NAME = AppIcon;
				DEVELOPMENT_TEAM = M4N6995A28;
				FRAMEWORK_SEARCH_PATHS = (
					"$(inherited)",
					"$(PROJECT_DIR)/Carthage/Build/iOS",
				);
				INFOPLIST_FILE = CounterExample/Info.plist;
				IPHONEOS_DEPLOYMENT_TARGET = 15;
				LD_RUNPATH_SEARCH_PATHS = (
					"$(inherited)",
					"@executable_path/Frameworks",
				);
				PRODUCT_BUNDLE_IDENTIFIER = com.reswift.CounterExample;
				PRODUCT_NAME = "$(TARGET_NAME)";
				SWIFT_SWIFT3_OBJC_INFERENCE = Default;
				SWIFT_VERSION = 6.0;
			};
			name = Release;
		};
/* End XCBuildConfiguration section */

/* Begin XCConfigurationList section */
		3C135C271D53E29400EC9FC9 /* Build configuration list for PBXProject "CounterExample" */ = {
			isa = XCConfigurationList;
			buildConfigurations = (
				3C135C3C1D53E29400EC9FC9 /* Debug */,
				3C135C3D1D53E29400EC9FC9 /* Release */,
			);
			defaultConfigurationIsVisible = 0;
			defaultConfigurationName = Release;
		};
		3C135C3E1D53E29400EC9FC9 /* Build configuration list for PBXNativeTarget "CounterExample" */ = {
			isa = XCConfigurationList;
			buildConfigurations = (
				3C135C3F1D53E29400EC9FC9 /* Debug */,
				3C135C401D53E29400EC9FC9 /* Release */,
			);
			defaultConfigurationIsVisible = 0;
			defaultConfigurationName = Release;
		};
/* End XCConfigurationList section */

/* Begin XCRemoteSwiftPackageReference section */
		C0CD2F2B2D6D9C6400080D42 /* XCRemoteSwiftPackageReference "ReSwift" */ = {
			isa = XCRemoteSwiftPackageReference;
			repositoryURL = "https://github.com/ReSwift/ReSwift.git";
			requirement = {
				kind = exactVersion;
				version = 6.1.1;
			};
		};
/* End XCRemoteSwiftPackageReference section */

/* Begin XCSwiftPackageProductDependency section */
		C0CD2F2C2D6D9C6400080D42 /* ReSwift */ = {
			isa = XCSwiftPackageProductDependency;
			package = C0CD2F2B2D6D9C6400080D42 /* XCRemoteSwiftPackageReference "ReSwift" */;
			productName = ReSwift;
		};
/* End XCSwiftPackageProductDependency section */
	};
	rootObject = 3C135C241D53E29400EC9FC9 /* Project object */;
}
